
Microsoft Visual Studio Solution File, Format Version 12.00
# Visual Studio Version 17
VisualStudioVersion = 17.3.32922.545
MinimumVisualStudioVersion = 10.0.40219.1
Project("{FAE04EC0-301F-11D3-BF4B-00C04F79EFBC}") = "LAb10Algoritm", "LAb10Algoritm\LAb10Algoritm.csproj", "{571E4DDC-27F3-4A84-88A5-BD402AD1A6D2}"
EndProject
Global
	GlobalSection(SolutionConfigurationPlatforms) = preSolution
		Debug|Any CPU = Debug|Any CPU
		Release|Any CPU = Release|Any CPU
	EndGlobalSection
	GlobalSection(ProjectConfigurationPlatforms) = postSolution
		{571E4DDC-27F3-4A84-88A5-BD402AD1A6D2}.Debug|Any CPU.ActiveCfg = Debug|Any CPU
		{571E4DDC-27F3-4A84-88A5-BD402AD1A6D2}.Debug|Any CPU.Build.0 = Debug|Any CPU
		{571E4DDC-27F3-4A84-88A5-BD402AD1A6D2}.Release|Any CPU.ActiveCfg = Release|Any CPU
		{571E4DDC-27F3-4A84-88A5-BD402AD1A6D2}.Release|Any CPU.Build.0 = Release|Any CPU
	EndGlobalSection
	GlobalSection(SolutionProperties) = preSolution
		HideSolutionNode = FALSE
	EndGlobalSection
	GlobalSection(ExtensibilityGlobals) = postSolution
		SolutionGuid = {348A5518-BF39-43FC-ADD0-1B13C9F109B2}
	EndGlobalSection
EndGlobal
